
Microsoft Visual Studio Solution File, Format Version 12.00
# Visual Studio 15
Project("{FAE04EC0-301F-11D3-BF4B-00C04F79EFBC}") = "VRMShaders.GLTF.IO.Runtime", "VRMShaders.GLTF.IO.Runtime.csproj", "{A13FF03D-ABB0-1D8A-A291-BFAE1FED5EE8}"
EndProject
Project("{FAE04EC0-301F-11D3-BF4B-00C04F79EFBC}") = "VRM", "VRM.csproj", "{90AB842C-685A-93C6-2470-A41F68488217}"
EndProject
Project("{FAE04EC0-301F-11D3-BF4B-00C04F79EFBC}") = "UniGLTF", "UniGLTF.csproj", "{F255E817-80A9-8F3B-78AD-B551B938CF64}"
EndProject
Project("{FAE04EC0-301F-11D3-BF4B-00C04F79EFBC}") = "UniHumanoid", "UniHumanoid.csproj", "{CD0A25FE-2805-D770-3103-125AFE3A8187}"
EndProject
Project("{FAE04EC0-301F-11D3-BF4B-00C04F79EFBC}") = "MToon", "MToon.csproj", "{A43D152A-44FE-9E6E-4479-A701C031F73E}"
EndProject
Project("{FAE04EC0-301F-11D3-BF4B-00C04F79EFBC}") = "UniVRM.Editor", "UniVRM.Editor.csproj", "{608DB8A3-BA3B-0449-F969-B29A8075A2AE}"
EndProject
Project("{FAE04EC0-301F-11D3-BF4B-00C04F79EFBC}") = "UniGLTF.Tests", "UniGLTF.Tests.csproj", "{4D2667AA-3286-446E-9F77-0BC58CADE307}"
EndProject
Project("{FAE04EC0-301F-11D3-BF4B-00C04F79EFBC}") = "FastSpringBone", "FastSpringBone.csproj", "{3011983F-869B-4EBF-E5E4-2458EAA0E4A1}"
EndProject
Project("{FAE04EC0-301F-11D3-BF4B-00C04F79EFBC}") = "UniGLTF.Editor", "UniGLTF.Editor.csproj", "{B185BB53-B11C-88E2-B9D3-F7BE8D921566}"
EndProject
Project("{FAE04EC0-301F-11D3-BF4B-00C04F79EFBC}") = "VRM.Tests", "VRM.Tests.csproj", "{13545227-A35D-6EB5-1682-14D6056E4686}"
EndProject
Project("{FAE04EC0-301F-11D3-BF4B-00C04F79EFBC}") = "MToon.Editor", "MToon.Editor.csproj", "{9DB03AAE-84E0-CD67-9B52-A80D258EF642}"
EndProject
Project("{FAE04EC0-301F-11D3-BF4B-00C04F79EFBC}") = "VRMShaders.VRM10.MToon10.Runtime", "VRMShaders.VRM10.MToon10.Runtime.csproj", "{6CF12987-60FA-24B6-99E8-DA1F757F813A}"
EndProject
Project("{FAE04EC0-301F-11D3-BF4B-00C04F79EFBC}") = "Assembly-CSharp", "Assembly-CSharp.csproj", "{B8A3D8D4-9477-0707-55F9-6A0222E9ED7B}"
EndProject
Project("{FAE04EC0-301F-11D3-BF4B-00C04F79EFBC}") = "VRMShaders.VRM.IO.Runtime", "VRMShaders.VRM.IO.Runtime.csproj", "{7D0B8EF7-8654-6581-1330-66BBEBD19408}"
EndProject
Project("{FAE04EC0-301F-11D3-BF4B-00C04F79EFBC}") = "VRMShaders.GLTF.IO.Tests", "VRMShaders.GLTF.IO.Tests.csproj", "{407E59D1-AE3F-CB80-3A8B-7A2C099CB6AD}"
EndProject
Project("{FAE04EC0-301F-11D3-BF4B-00C04F79EFBC}") = "UniGLTF.Utils", "UniGLTF.Utils.csproj", "{2ECB9E8D-00D3-272D-FE94-BBE78DC5D909}"
EndProject
Project("{FAE04EC0-301F-11D3-BF4B-00C04F79EFBC}") = "VRMShaders.VRM10.MToon10.Editor", "VRMShaders.VRM10.MToon10.Editor.csproj", "{3851F27F-DFAB-2D6A-12D0-82058E41F086}"
EndProject
Project("{FAE04EC0-301F-11D3-BF4B-00C04F79EFBC}") = "UniHumanoid.Editor", "UniHumanoid.Editor.csproj", "{F410C955-4340-06C5-0449-3A2FED36A8A2}"
EndProject
Project("{FAE04EC0-301F-11D3-BF4B-00C04F79EFBC}") = "VRMShaders.VRM10.Format.Runtime", "VRMShaders.VRM10.Format.Runtime.csproj", "{A00F8A18-AC82-A7DF-F903-31FDA40FFDAB}"
EndProject
Project("{FAE04EC0-301F-11D3-BF4B-00C04F79EFBC}") = "VRMShaders.GLTF.IO.Editor", "VRMShaders.GLTF.IO.Editor.csproj", "{50FA0861-6774-20F8-A300-A174907B602C}"
EndProject
Project("{FAE04EC0-301F-11D3-BF4B-00C04F79EFBC}") = "VRM.Samples.Editor.Tests", "VRM.Samples.Editor.Tests.csproj", "{2467CD40-DEF9-3429-F019-87DA06715566}"
EndProject
Project("{FAE04EC0-301F-11D3-BF4B-00C04F79EFBC}") = "VRMShaders.GLTF.UniUnlit.Editor", "VRMShaders.GLTF.UniUnlit.Editor.csproj", "{62397DAA-F00C-EB52-AC88-96D380D2AA4B}"
EndProject
Project("{FAE04EC0-301F-11D3-BF4B-00C04F79EFBC}") = "UniHumanoid.Editor.Tests", "UniHumanoid.Editor.Tests.csproj", "{5FC1FF32-304E-1163-4E21-E2C11F230AF1}"
EndProject
Project("{FAE04EC0-301F-11D3-BF4B-00C04F79EFBC}") = "VRMShaders.GLTF.UniUnlit.Runtime", "VRMShaders.GLTF.UniUnlit.Runtime.csproj", "{F850A24C-2EF9-7CA0-C4B7-3CE9EECFE773}"
EndProject
Project("{FAE04EC0-301F-11D3-BF4B-00C04F79EFBC}") = "VRMShaders.VRM10.MToon10.Tests", "VRMShaders.VRM10.MToon10.Tests.csproj", "{0ED1C4C4-5B7A-5FE1-A25D-F69B00D98120}"
EndProject
Global
	GlobalSection(SolutionConfigurationPlatforms) = preSolution
		Debug|Any CPU = Debug|Any CPU
		Release|Any CPU = Release|Any CPU
	EndGlobalSection
	GlobalSection(ProjectConfigurationPlatforms) = postSolution
		{A13FF03D-ABB0-1D8A-A291-BFAE1FED5EE8}.Debug|Any CPU.ActiveCfg = Debug|Any CPU
		{A13FF03D-ABB0-1D8A-A291-BFAE1FED5EE8}.Debug|Any CPU.Build.0 = Debug|Any CPU
		{A13FF03D-ABB0-1D8A-A291-BFAE1FED5EE8}.Release|Any CPU.ActiveCfg = Release|Any CPU
		{A13FF03D-ABB0-1D8A-A291-BFAE1FED5EE8}.Release|Any CPU.Build.0 = Release|Any CPU
		{90AB842C-685A-93C6-2470-A41F68488217}.Debug|Any CPU.ActiveCfg = Debug|Any CPU
		{90AB842C-685A-93C6-2470-A41F68488217}.Debug|Any CPU.Build.0 = Debug|Any CPU
		{90AB842C-685A-93C6-2470-A41F68488217}.Release|Any CPU.ActiveCfg = Release|Any CPU
		{90AB842C-685A-93C6-2470-A41F68488217}.Release|Any CPU.Build.0 = Release|Any CPU
		{F255E817-80A9-8F3B-78AD-B551B938CF64}.Debug|Any CPU.ActiveCfg = Debug|Any CPU
		{F255E817-80A9-8F3B-78AD-B551B938CF64}.Debug|Any CPU.Build.0 = Debug|Any CPU
		{F255E817-80A9-8F3B-78AD-B551B938CF64}.Release|Any CPU.ActiveCfg = Release|Any CPU
		{F255E817-80A9-8F3B-78AD-B551B938CF64}.Release|Any CPU.Build.0 = Release|Any CPU
		{CD0A25FE-2805-D770-3103-125AFE3A8187}.Debug|Any CPU.ActiveCfg = Debug|Any CPU
		{CD0A25FE-2805-D770-3103-125AFE3A8187}.Debug|Any CPU.Build.0 = Debug|Any CPU
		{CD0A25FE-2805-D770-3103-125AFE3A8187}.Release|Any CPU.ActiveCfg = Release|Any CPU
		{CD0A25FE-2805-D770-3103-125AFE3A8187}.Release|Any CPU.Build.0 = Release|Any CPU
		{A43D152A-44FE-9E6E-4479-A701C031F73E}.Debug|Any CPU.ActiveCfg = Debug|Any CPU
		{A43D152A-44FE-9E6E-4479-A701C031F73E}.Debug|Any CPU.Build.0 = Debug|Any CPU
		{A43D152A-44FE-9E6E-4479-A701C031F73E}.Release|Any CPU.ActiveCfg = Release|Any CPU
		{A43D152A-44FE-9E6E-4479-A701C031F73E}.Release|Any CPU.Build.0 = Release|Any CPU
		{608DB8A3-BA3B-0449-F969-B29A8075A2AE}.Debug|Any CPU.ActiveCfg = Debug|Any CPU
		{608DB8A3-BA3B-0449-F969-B29A8075A2AE}.Debug|Any CPU.Build.0 = Debug|Any CPU
		{608DB8A3-BA3B-0449-F969-B29A8075A2AE}.Release|Any CPU.ActiveCfg = Release|Any CPU
		{608DB8A3-BA3B-0449-F969-B29A8075A2AE}.Release|Any CPU.Build.0 = Release|Any CPU
		{4D2667AA-3286-446E-9F77-0BC58CADE307}.Debug|Any CPU.ActiveCfg = Debug|Any CPU
		{4D2667AA-3286-446E-9F77-0BC58CADE307}.Debug|Any CPU.Build.0 = Debug|Any CPU
		{4D2667AA-3286-446E-9F77-0BC58CADE307}.Release|Any CPU.ActiveCfg = Release|Any CPU
		{4D2667AA-3286-446E-9F77-0BC58CADE307}.Release|Any CPU.Build.0 = Release|Any CPU
		{3011983F-869B-4EBF-E5E4-2458EAA0E4A1}.Debug|Any CPU.ActiveCfg = Debug|Any CPU
		{3011983F-869B-4EBF-E5E4-2458EAA0E4A1}.Debug|Any CPU.Build.0 = Debug|Any CPU
		{3011983F-869B-4EBF-E5E4-2458EAA0E4A1}.Release|Any CPU.ActiveCfg = Release|Any CPU
		{3011983F-869B-4EBF-E5E4-2458EAA0E4A1}.Release|Any CPU.Build.0 = Release|Any CPU
		{B185BB53-B11C-88E2-B9D3-F7BE8D921566}.Debug|Any CPU.ActiveCfg = Debug|Any CPU
		{B185BB53-B11C-88E2-B9D3-F7BE8D921566}.Debug|Any CPU.Build.0 = Debug|Any CPU
		{B185BB53-B11C-88E2-B9D3-F7BE8D921566}.Release|Any CPU.ActiveCfg = Release|Any CPU
		{B185BB53-B11C-88E2-B9D3-F7BE8D921566}.Release|Any CPU.Build.0 = Release|Any CPU
		{13545227-A35D-6EB5-1682-14D6056E4686}.Debug|Any CPU.ActiveCfg = Debug|Any CPU
		{13545227-A35D-6EB5-1682-14D6056E4686}.Debug|Any CPU.Build.0 = Debug|Any CPU
		{13545227-A35D-6EB5-1682-14D6056E4686}.Release|Any CPU.ActiveCfg = Release|Any CPU
		{13545227-A35D-6EB5-1682-14D6056E4686}.Release|Any CPU.Build.0 = Release|Any CPU
		{9DB03AAE-84E0-CD67-9B52-A80D258EF642}.Debug|Any CPU.ActiveCfg = Debug|Any CPU
		{9DB03AAE-84E0-CD67-9B52-A80D258EF642}.Debug|Any CPU.Build.0 = Debug|Any CPU
		{9DB03AAE-84E0-CD67-9B52-A80D258EF642}.Release|Any CPU.ActiveCfg = Release|Any CPU
		{9DB03AAE-84E0-CD67-9B52-A80D258EF642}.Release|Any CPU.Build.0 = Release|Any CPU
		{6CF12987-60FA-24B6-99E8-DA1F757F813A}.Debug|Any CPU.ActiveCfg = Debug|Any CPU
		{6CF12987-60FA-24B6-99E8-DA1F757F813A}.Debug|Any CPU.Build.0 = Debug|Any CPU
		{6CF12987-60FA-24B6-99E8-DA1F757F813A}.Release|Any CPU.ActiveCfg = Release|Any CPU
		{6CF12987-60FA-24B6-99E8-DA1F757F813A}.Release|Any CPU.Build.0 = Release|Any CPU
		{B8A3D8D4-9477-0707-55F9-6A0222E9ED7B}.Debug|Any CPU.ActiveCfg = Debug|Any CPU
		{B8A3D8D4-9477-0707-55F9-6A0222E9ED7B}.Debug|Any CPU.Build.0 = Debug|Any CPU
		{B8A3D8D4-9477-0707-55F9-6A0222E9ED7B}.Release|Any CPU.ActiveCfg = Release|Any CPU
		{B8A3D8D4-9477-0707-55F9-6A0222E9ED7B}.Release|Any CPU.Build.0 = Release|Any CPU
		{7D0B8EF7-8654-6581-1330-66BBEBD19408}.Debug|Any CPU.ActiveCfg = Debug|Any CPU
		{7D0B8EF7-8654-6581-1330-66BBEBD19408}.Debug|Any CPU.Build.0 = Debug|Any CPU
		{7D0B8EF7-8654-6581-1330-66BBEBD19408}.Release|Any CPU.ActiveCfg = Release|Any CPU
		{7D0B8EF7-8654-6581-1330-66BBEBD19408}.Release|Any CPU.Build.0 = Release|Any CPU
		{407E59D1-AE3F-CB80-3A8B-7A2C099CB6AD}.Debug|Any CPU.ActiveCfg = Debug|Any CPU
		{407E59D1-AE3F-CB80-3A8B-7A2C099CB6AD}.Debug|Any CPU.Build.0 = Debug|Any CPU
		{407E59D1-AE3F-CB80-3A8B-7A2C099CB6AD}.Release|Any CPU.ActiveCfg = Release|Any CPU
		{407E59D1-AE3F-CB80-3A8B-7A2C099CB6AD}.Release|Any CPU.Build.0 = Release|Any CPU
		{2ECB9E8D-00D3-272D-FE94-BBE78DC5D909}.Debug|Any CPU.ActiveCfg = Debug|Any CPU
		{2ECB9E8D-00D3-272D-FE94-BBE78DC5D909}.Debug|Any CPU.Build.0 = Debug|Any CPU
		{2ECB9E8D-00D3-272D-FE94-BBE78DC5D909}.Release|Any CPU.ActiveCfg = Release|Any CPU
		{2ECB9E8D-00D3-272D-FE94-BBE78DC5D909}.Release|Any CPU.Build.0 = Release|Any CPU
		{3851F27F-DFAB-2D6A-12D0-82058E41F086}.Debug|Any CPU.ActiveCfg = Debug|Any CPU
		{3851F27F-DFAB-2D6A-12D0-82058E41F086}.Debug|Any CPU.Build.0 = Debug|Any CPU
		{3851F27F-DFAB-2D6A-12D0-82058E41F086}.Release|Any CPU.ActiveCfg = Release|Any CPU
		{3851F27F-DFAB-2D6A-12D0-82058E41F086}.Release|Any CPU.Build.0 = Release|Any CPU
		{F410C955-4340-06C5-0449-3A2FED36A8A2}.Debug|Any CPU.ActiveCfg = Debug|Any CPU
		{F410C955-4340-06C5-0449-3A2FED36A8A2}.Debug|Any CPU.Build.0 = Debug|Any CPU
		{F410C955-4340-06C5-0449-3A2FED36A8A2}.Release|Any CPU.ActiveCfg = Release|Any CPU
		{F410C955-4340-06C5-0449-3A2FED36A8A2}.Release|Any CPU.Build.0 = Release|Any CPU
		{A00F8A18-AC82-A7DF-F903-31FDA40FFDAB}.Debug|Any CPU.ActiveCfg = Debug|Any CPU
		{A00F8A18-AC82-A7DF-F903-31FDA40FFDAB}.Debug|Any CPU.Build.0 = Debug|Any CPU
		{A00F8A18-AC82-A7DF-F903-31FDA40FFDAB}.Release|Any CPU.ActiveCfg = Release|Any CPU
		{A00F8A18-AC82-A7DF-F903-31FDA40FFDAB}.Release|Any CPU.Build.0 = Release|Any CPU
		{50FA0861-6774-20F8-A300-A174907B602C}.Debug|Any CPU.ActiveCfg = Debug|Any CPU
		{50FA0861-6774-20F8-A300-A174907B602C}.Debug|Any CPU.Build.0 = Debug|Any CPU
		{50FA0861-6774-20F8-A300-A174907B602C}.Release|Any CPU.ActiveCfg = Release|Any CPU
		{50FA0861-6774-20F8-A300-A174907B602C}.Release|Any CPU.Build.0 = Release|Any CPU
		{2467CD40-DEF9-3429-F019-87DA06715566}.Debug|Any CPU.ActiveCfg = Debug|Any CPU
		{2467CD40-DEF9-3429-F019-87DA06715566}.Debug|Any CPU.Build.0 = Debug|Any CPU
		{2467CD40-DEF9-3429-F019-87DA06715566}.Release|Any CPU.ActiveCfg = Release|Any CPU
		{2467CD40-DEF9-3429-F019-87DA06715566}.Release|Any CPU.Build.0 = Release|Any CPU
		{62397DAA-F00C-EB52-AC88-96D380D2AA4B}.Debug|Any CPU.ActiveCfg = Debug|Any CPU
		{62397DAA-F00C-EB52-AC88-96D380D2AA4B}.Debug|Any CPU.Build.0 = Debug|Any CPU
		{62397DAA-F00C-EB52-AC88-96D380D2AA4B}.Release|Any CPU.ActiveCfg = Release|Any CPU
		{62397DAA-F00C-EB52-AC88-96D380D2AA4B}.Release|Any CPU.Build.0 = Release|Any CPU
		{5FC1FF32-304E-1163-4E21-E2C11F230AF1}.Debug|Any CPU.ActiveCfg = Debug|Any CPU
		{5FC1FF32-304E-1163-4E21-E2C11F230AF1}.Debug|Any CPU.Build.0 = Debug|Any CPU
		{5FC1FF32-304E-1163-4E21-E2C11F230AF1}.Release|Any CPU.ActiveCfg = Release|Any CPU
		{5FC1FF32-304E-1163-4E21-E2C11F230AF1}.Release|Any CPU.Build.0 = Release|Any CPU
		{F850A24C-2EF9-7CA0-C4B7-3CE9EECFE773}.Debug|Any CPU.ActiveCfg = Debug|Any CPU
		{F850A24C-2EF9-7CA0-C4B7-3CE9EECFE773}.Debug|Any CPU.Build.0 = Debug|Any CPU
		{F850A24C-2EF9-7CA0-C4B7-3CE9EECFE773}.Release|Any CPU.ActiveCfg = Release|Any CPU
		{F850A24C-2EF9-7CA0-C4B7-3CE9EECFE773}.Release|Any CPU.Build.0 = Release|Any CPU
		{0ED1C4C4-5B7A-5FE1-A25D-F69B00D98120}.Debug|Any CPU.ActiveCfg = Debug|Any CPU
		{0ED1C4C4-5B7A-5FE1-A25D-F69B00D98120}.Debug|Any CPU.Build.0 = Debug|Any CPU
		{0ED1C4C4-5B7A-5FE1-A25D-F69B00D98120}.Release|Any CPU.ActiveCfg = Release|Any CPU
		{0ED1C4C4-5B7A-5FE1-A25D-F69B00D98120}.Release|Any CPU.Build.0 = Release|Any CPU
	EndGlobalSection
	GlobalSection(SolutionProperties) = preSolution
		HideSolutionNode = FALSE
	EndGlobalSection
EndGlobal
